
Microsoft Visual Studio Solution File, Format Version 12.00
# Visual Studio Version 17
VisualStudioVersion = 17.4.33213.308
MinimumVisualStudioVersion = 10.0.40219.1
Project("{FAE04EC0-301F-11D3-BF4B-00C04F79EFBC}") = "Notebook", "FirstHomeWorkPart2\Notebook.csproj", "{C9837AAB-6497-453C-A05B-1945F4FE79B2}"
EndProject
Global
	GlobalSection(SolutionConfigurationPlatforms) = preSolution
		Debug|Any CPU = Debug|Any CPU
		Release|Any CPU = Release|Any CPU
	EndGlobalSection
	GlobalSection(ProjectConfigurationPlatforms) = postSolution
		{C9837AAB-6497-453C-A05B-1945F4FE79B2}.Debug|Any CPU.ActiveCfg = Debug|Any CPU
		{C9837AAB-6497-453C-A05B-1945F4FE79B2}.Debug|Any CPU.Build.0 = Debug|Any CPU
		{C9837AAB-6497-453C-A05B-1945F4FE79B2}.Release|Any CPU.ActiveCfg = Release|Any CPU
		{C9837AAB-6497-453C-A05B-1945F4FE79B2}.Release|Any CPU.Build.0 = Release|Any CPU
	EndGlobalSection
	GlobalSection(SolutionProperties) = preSolution
		HideSolutionNode = FALSE
	EndGlobalSection
	GlobalSection(ExtensibilityGlobals) = postSolution
		SolutionGuid = {553A9840-70AD-45C7-B687-86042CF0DE99}
	EndGlobalSection
EndGlobal
